{
  "nodes": {
    "nixpkgs": {
      "locked": {
        "lastModified": 1677818227,
        "narHash": "sha256-q7wy/0UIuEnRCjfTd6Jkoa4HAdUMMnw8DNdEf+vbs00=",
        "owner": "NixOS",
        "repo": "nixpkgs",
        "rev": "dcab12b2b5bd59b4a6ff489ec5a908cdf33b9789",
        "type": "github"
      },
      "original": {
        "id": "nixpkgs",
        "ref": "release-22.11",
        "type": "indirect"
      }
    },
    "root": {
      "inputs": {
        "nixpkgs": "nixpkgs",
        "utils": "utils"
      }
    },
    "utils": {
      "locked": {
        "lastModified": 1676283394,
        "narHash": "sha256-XX2f9c3iySLCw54rJ/CZs+ZK6IQy7GXNY4nSOyu2QG4=",
        "owner": "numtide",
        "repo": "flake-utils",
        "rev": "3db36a8b464d0c4532ba1c7dda728f4576d6d073",
        "type": "github"
      },
      "original": {
        "owner": "numtide",
        "repo": "flake-utils",
        "type": "github"
      }
    }
  },
  "root": "root",
  "version": 7
}
